
Microsoft Visual Studio Solution File, Format Version 12.00
# Visual Studio Version 17
VisualStudioVersion = 17.14.36301.6 d17.14
MinimumVisualStudioVersion = 10.0.40219.1
Project("{FAE04EC0-301F-11D3-BF4B-00C04F79EFBC}") = "TimeOff.SampleClient", "TimeOff.SampleClient.csproj", "{124CFF71-C241-CED0-584F-C1A7DEB195A7}"
EndProject
Global
	GlobalSection(SolutionConfigurationPlatforms) = preSolution
		Debug|Any CPU = Debug|Any CPU
		Release|Any CPU = Release|Any CPU
	EndGlobalSection
	GlobalSection(ProjectConfigurationPlatforms) = postSolution
		{124CFF71-C241-CED0-584F-C1A7DEB195A7}.Debug|Any CPU.ActiveCfg = Debug|Any CPU
		{124CFF71-C241-CED0-584F-C1A7DEB195A7}.Debug|Any CPU.Build.0 = Debug|Any CPU
		{124CFF71-C241-CED0-584F-C1A7DEB195A7}.Release|Any CPU.ActiveCfg = Release|Any CPU
		{124CFF71-C241-CED0-584F-C1A7DEB195A7}.Release|Any CPU.Build.0 = Release|Any CPU
	EndGlobalSection
	GlobalSection(SolutionProperties) = preSolution
		HideSolutionNode = FALSE
	EndGlobalSection
	GlobalSection(ExtensibilityGlobals) = postSolution
		SolutionGuid = {E3A7BD93-A735-41F1-9A37-9705C75C5459}
	EndGlobalSection
EndGlobal
