
Microsoft Visual Studio Solution File, Format Version 12.00
# Visual Studio Version 17
VisualStudioVersion = 17.5.33516.290
MinimumVisualStudioVersion = 10.0.40219.1
Project("{9A19103F-16F7-4668-BE54-9A1E7A4F7556}") = "Integration.Realtime.Common", "Integration.Realtime.Common\Integration.Realtime.Common.csproj", "{26C2A520-EB1F-466C-B310-71198F9FD1AD}"
EndProject
Project("{9A19103F-16F7-4668-BE54-9A1E7A4F7556}") = "Integration.Realtime.Webhook", "Integration.Realtime.Webhook\Integration.Realtime.Webhook.csproj", "{C2ED013C-8544-4323-8603-0DAD95F84446}"
EndProject
Project("{9A19103F-16F7-4668-BE54-9A1E7A4F7556}") = "Integration.Realtime.Client", "Integration.Realtime.Client\Integration.Realtime.Client.csproj", "{978D88F2-3B93-473F-8ED5-DE82492F5A7E}"
EndProject
Project("{2150E333-8FDC-42A3-9474-1A3956D46DE8}") = "Solution Items", "Solution Items", "{FAD8A32F-FD42-4C67-99AA-7519E1EBDA0A}"
	ProjectSection(SolutionItems) = preProject
		..\..\..\..\.editorconfig = ..\..\..\..\.editorconfig
		docs\readme.md = docs\readme.md
		..\..\..\..\stylecop.json = ..\..\..\..\stylecop.json
	EndProjectSection
EndProject
Global
	GlobalSection(SolutionConfigurationPlatforms) = preSolution
		Debug|Any CPU = Debug|Any CPU
		Release|Any CPU = Release|Any CPU
	EndGlobalSection
	GlobalSection(ProjectConfigurationPlatforms) = postSolution
		{26C2A520-EB1F-466C-B310-71198F9FD1AD}.Debug|Any CPU.ActiveCfg = Debug|Any CPU
		{26C2A520-EB1F-466C-B310-71198F9FD1AD}.Debug|Any CPU.Build.0 = Debug|Any CPU
		{26C2A520-EB1F-466C-B310-71198F9FD1AD}.Release|Any CPU.ActiveCfg = Release|Any CPU
		{26C2A520-EB1F-466C-B310-71198F9FD1AD}.Release|Any CPU.Build.0 = Release|Any CPU
		{C2ED013C-8544-4323-8603-0DAD95F84446}.Debug|Any CPU.ActiveCfg = Debug|Any CPU
		{C2ED013C-8544-4323-8603-0DAD95F84446}.Debug|Any CPU.Build.0 = Debug|Any CPU
		{C2ED013C-8544-4323-8603-0DAD95F84446}.Release|Any CPU.ActiveCfg = Release|Any CPU
		{C2ED013C-8544-4323-8603-0DAD95F84446}.Release|Any CPU.Build.0 = Release|Any CPU
		{978D88F2-3B93-473F-8ED5-DE82492F5A7E}.Debug|Any CPU.ActiveCfg = Debug|Any CPU
		{978D88F2-3B93-473F-8ED5-DE82492F5A7E}.Debug|Any CPU.Build.0 = Debug|Any CPU
		{978D88F2-3B93-473F-8ED5-DE82492F5A7E}.Release|Any CPU.ActiveCfg = Release|Any CPU
		{978D88F2-3B93-473F-8ED5-DE82492F5A7E}.Release|Any CPU.Build.0 = Release|Any CPU
	EndGlobalSection
	GlobalSection(SolutionProperties) = preSolution
		HideSolutionNode = FALSE
	EndGlobalSection
	GlobalSection(ExtensibilityGlobals) = postSolution
		SolutionGuid = {FA14F9FC-3458-468B-AB86-C8C57D1A87BE}
	EndGlobalSection
EndGlobal
